
Microsoft Visual Studio Solution File, Format Version 12.00
# Visual Studio Version 16
VisualStudioVersion = 16.0.30804.86
MinimumVisualStudioVersion = 10.0.40219.1
Project("{FAE04EC0-301F-11D3-BF4B-00C04F79EFBC}") = "01-BitBank", "01-BitBank\01-BitBank.csproj", "{D14644D1-2A24-4EB3-B5BC-E3556DEFBD4B}"
EndProject
Global
	GlobalSection(SolutionConfigurationPlatforms) = preSolution
		Debug|Any CPU = Debug|Any CPU
		Release|Any CPU = Release|Any CPU
	EndGlobalSection
	GlobalSection(ProjectConfigurationPlatforms) = postSolution
		{D14644D1-2A24-4EB3-B5BC-E3556DEFBD4B}.Debug|Any CPU.ActiveCfg = Debug|Any CPU
		{D14644D1-2A24-4EB3-B5BC-E3556DEFBD4B}.Debug|Any CPU.Build.0 = Debug|Any CPU
		{D14644D1-2A24-4EB3-B5BC-E3556DEFBD4B}.Release|Any CPU.ActiveCfg = Release|Any CPU
		{D14644D1-2A24-4EB3-B5BC-E3556DEFBD4B}.Release|Any CPU.Build.0 = Release|Any CPU
	EndGlobalSection
	GlobalSection(SolutionProperties) = preSolution
		HideSolutionNode = FALSE
	EndGlobalSection
	GlobalSection(ExtensibilityGlobals) = postSolution
		SolutionGuid = {936A15FE-AE41-4D2C-91FD-0BA8F7E0EE5F}
	EndGlobalSection
EndGlobal
